// !$*UTF8*$!
{
	archiveVersion = 1;
	classes = {
	};
	objectVersion = 50;
	objects = {

/* Begin PBXBuildFile section */
		3011696F212AFFA3005AC28A /* ResultViewController.swift in Sources */ = {isa = PBXBuildFile; fileRef = 3011696E212AFFA3005AC28A /* ResultViewController.swift */; };
		3026680120EBA1EA00D12682 /* AppDelegate.swift in Sources */ = {isa = PBXBuildFile; fileRef = 3026680020EBA1EA00D12682 /* AppDelegate.swift */; };
		3026680320EBA1EA00D12682 /* MainViewController.swift in Sources */ = {isa = PBXBuildFile; fileRef = 3026680220EBA1EA00D12682 /* MainViewController.swift */; };
		3026680620EBA1EA00D12682 /* Main.storyboard in Resources */ = {isa = PBXBuildFile; fileRef = 3026680420EBA1EA00D12682 /* Main.storyboard */; };
		3026680820EBA1EC00D12682 /* Assets.xcassets in Resources */ = {isa = PBXBuildFile; fileRef = 3026680720EBA1EC00D12682 /* Assets.xcassets */; };
		3026680B20EBA1EC00D12682 /* LaunchScreen.storyboard in Resources */ = {isa = PBXBuildFile; fileRef = 3026680920EBA1EC00D12682 /* LaunchScreen.storyboard */; };
		3026681320EBA37A00D12682 /* GoogleService-Info.plist in Resources */ = {isa = PBXBuildFile; fileRef = 3026681220EBA37A00D12682 /* GoogleService-Info.plist */; };
		3026681620EBA5A000D12682 /* SignUpController.swift in Sources */ = {isa = PBXBuildFile; fileRef = 3026681520EBA5A000D12682 /* SignUpController.swift */; };
		3026681820EBA9EA00D12682 /* LoginController.swift in Sources */ = {isa = PBXBuildFile; fileRef = 3026681720EBA9EA00D12682 /* LoginController.swift */; };
		3050F03E20F60F36002F073E /* StartTimerController.swift in Sources */ = {isa = PBXBuildFile; fileRef = 3050F03D20F60F36002F073E /* StartTimerController.swift */; };
		3050F04020F613CA002F073E /* MainGameFieldController.swift in Sources */ = {isa = PBXBuildFile; fileRef = 3050F03F20F613CA002F073E /* MainGameFieldController.swift */; };
		305C678121311FE8000256E1 /* Users.swift in Sources */ = {isa = PBXBuildFile; fileRef = 305C678021311FE8000256E1 /* Users.swift */; };
		A29396B8F78867AAB1032489 /* Pods_TouchTouch__.framework in Frameworks */ = {isa = PBXBuildFile; fileRef = CD48D4D21AB4CD6100968DED /* Pods_TouchTouch__.framework */; };
/* End PBXBuildFile section */

/* Begin PBXFileReference section */
		1B4AF91FC20C6CED387A0F14 /* Pods-TouchTouch!!.release.xcconfig */ = {isa = PBXFileReference; includeInIndex = 1; lastKnownFileType = text.xcconfig; name = "Pods-TouchTouch!!.release.xcconfig"; path = "Pods/Target Support Files/Pods-TouchTouch!!/Pods-TouchTouch!!.release.xcconfig"; sourceTree = "<group>"; };
		3011696E212AFFA3005AC28A /* ResultViewController.swift */ = {isa = PBXFileReference; lastKnownFileType = sourcecode.swift; path = ResultViewController.swift; sourceTree = "<group>"; };
		302667FD20EBA1EA00D12682 /* TouchTouch!!.app */ = {isa = PBXFileReference; explicitFileType = wrapper.application; includeInIndex = 0; path = "TouchTouch!!.app"; sourceTree = BUILT_PRODUCTS_DIR; };
		3026680020EBA1EA00D12682 /* AppDelegate.swift */ = {isa = PBXFileReference; lastKnownFileType = sourcecode.swift; path = AppDelegate.swift; sourceTree = "<group>"; };
		3026680220EBA1EA00D12682 /* MainViewController.swift */ = {isa = PBXFileReference; lastKnownFileType = sourcecode.swift; path = MainViewController.swift; sourceTree = "<group>"; };
		3026680520EBA1EA00D12682 /* Base */ = {isa = PBXFileReference; lastKnownFileType = file.storyboard; name = Base; path = Base.lproj/Main.storyboard; sourceTree = "<group>"; };
		3026680720EBA1EC00D12682 /* Assets.xcassets */ = {isa = PBXFileReference; lastKnownFileType = folder.assetcatalog; path = Assets.xcassets; sourceTree = "<group>"; };
		3026680A20EBA1EC00D12682 /* Base */ = {isa = PBXFileReference; lastKnownFileType = file.storyboard; name = Base; path = Base.lproj/LaunchScreen.storyboard; sourceTree = "<group>"; };
		3026680C20EBA1EC00D12682 /* Info.plist */ = {isa = PBXFileReference; lastKnownFileType = text.plist.xml; path = Info.plist; sourceTree = "<group>"; };
		3026681220EBA37A00D12682 /* GoogleService-Info.plist */ = {isa = PBXFileReference; fileEncoding = 4; lastKnownFileType = text.plist.xml; path = "GoogleService-Info.plist"; sourceTree = "<group>"; };
		3026681520EBA5A000D12682 /* SignUpController.swift */ = {isa = PBXFileReference; lastKnownFileType = sourcecode.swift; path = SignUpController.swift; sourceTree = "<group>"; };
		3026681720EBA9EA00D12682 /* LoginController.swift */ = {isa = PBXFileReference; lastKnownFileType = sourcecode.swift; path = LoginController.swift; sourceTree = "<group>"; };
		3050F03D20F60F36002F073E /* StartTimerController.swift */ = {isa = PBXFileReference; lastKnownFileType = sourcecode.swift; path = StartTimerController.swift; sourceTree = "<group>"; };
		3050F03F20F613CA002F073E /* MainGameFieldController.swift */ = {isa = PBXFileReference; lastKnownFileType = sourcecode.swift; path = MainGameFieldController.swift; sourceTree = "<group>"; };
		305C678021311FE8000256E1 /* Users.swift */ = {isa = PBXFileReference; lastKnownFileType = sourcecode.swift; path = Users.swift; sourceTree = "<group>"; };
		CD48D4D21AB4CD6100968DED /* Pods_TouchTouch__.framework */ = {isa = PBXFileReference; explicitFileType = wrapper.framework; includeInIndex = 0; path = Pods_TouchTouch__.framework; sourceTree = BUILT_PRODUCTS_DIR; };
		DA299B94A28EA396CFB9B23A /* Pods-TouchTouch!!.debug.xcconfig */ = {isa = PBXFileReference; includeInIndex = 1; lastKnownFileType = text.xcconfig; name = "Pods-TouchTouch!!.debug.xcconfig"; path = "Pods/Target Support Files/Pods-TouchTouch!!/Pods-TouchTouch!!.debug.xcconfig"; sourceTree = "<group>"; };
/* End PBXFileReference section */

/* Begin PBXFrameworksBuildPhase section */
		302667FA20EBA1EA00D12682 /* Frameworks */ = {
			isa = PBXFrameworksBuildPhase;
			buildActionMask = 2147483647;
			files = (
				A29396B8F78867AAB1032489 /* Pods_TouchTouch__.framework in Frameworks */,
			);
			runOnlyForDeploymentPostprocessing = 0;
		};
/* End PBXFrameworksBuildPhase section */

/* Begin PBXGroup section */
		30116969212AFDA3005AC28A /* Result */ = {
			isa = PBXGroup;
			children = (
				3011696E212AFFA3005AC28A /* ResultViewController.swift */,
			);
			path = Result;
			sourceTree = "<group>";
		};
		302667F420EBA1EA00D12682 = {
			isa = PBXGroup;
			children = (
				302667FF20EBA1EA00D12682 /* TouchTouch!! */,
				302667FE20EBA1EA00D12682 /* Products */,
				5F5679C32EA54DE59BB644D3 /* Pods */,
				DD6EC6624E21370F7E90F0AF /* Frameworks */,
			);
			sourceTree = "<group>";
		};
		302667FE20EBA1EA00D12682 /* Products */ = {
			isa = PBXGroup;
			children = (
				302667FD20EBA1EA00D12682 /* TouchTouch!!.app */,
			);
			name = Products;
			sourceTree = "<group>";
		};
		302667FF20EBA1EA00D12682 /* TouchTouch!! */ = {
			isa = PBXGroup;
			children = (
				305C678221312601000256E1 /* Models */,
				3026681420EBA57700D12682 /* SingupLogin */,
				3050F03C20F60EE6002F073E /* MainGameField */,
				30116969212AFDA3005AC28A /* Result */,
				3026680020EBA1EA00D12682 /* AppDelegate.swift */,
				3026680220EBA1EA00D12682 /* MainViewController.swift */,
				3026680420EBA1EA00D12682 /* Main.storyboard */,
				3026680720EBA1EC00D12682 /* Assets.xcassets */,
				3026680920EBA1EC00D12682 /* LaunchScreen.storyboard */,
				3026680C20EBA1EC00D12682 /* Info.plist */,
				3026681220EBA37A00D12682 /* GoogleService-Info.plist */,
			);
			path = "TouchTouch!!";
			sourceTree = "<group>";
		};
		3026681420EBA57700D12682 /* SingupLogin */ = {
			isa = PBXGroup;
			children = (
				3026681520EBA5A000D12682 /* SignUpController.swift */,
				3026681720EBA9EA00D12682 /* LoginController.swift */,
			);
			path = SingupLogin;
			sourceTree = "<group>";
		};
		3050F03C20F60EE6002F073E /* MainGameField */ = {
			isa = PBXGroup;
			children = (
				3050F03D20F60F36002F073E /* StartTimerController.swift */,
				3050F03F20F613CA002F073E /* MainGameFieldController.swift */,
			);
			path = MainGameField;
			sourceTree = "<group>";
		};
		305C678221312601000256E1 /* Models */ = {
			isa = PBXGroup;
			children = (
				305C678021311FE8000256E1 /* Users.swift */,
			);
			path = Models;
			sourceTree = "<group>";
		};
		5F5679C32EA54DE59BB644D3 /* Pods */ = {
			isa = PBXGroup;
			children = (
				DA299B94A28EA396CFB9B23A /* Pods-TouchTouch!!.debug.xcconfig */,
				1B4AF91FC20C6CED387A0F14 /* Pods-TouchTouch!!.release.xcconfig */,
			);
			name = Pods;
			sourceTree = "<group>";
		};
		DD6EC6624E21370F7E90F0AF /* Frameworks */ = {
			isa = PBXGroup;
			children = (
				CD48D4D21AB4CD6100968DED /* Pods_TouchTouch__.framework */,
			);
			name = Frameworks;
			sourceTree = "<group>";
		};
/* End PBXGroup section */

/* Begin PBXNativeTarget section */
		302667FC20EBA1EA00D12682 /* TouchTouch!! */ = {
			isa = PBXNativeTarget;
			buildConfigurationList = 3026680F20EBA1EC00D12682 /* Build configuration list for PBXNativeTarget "TouchTouch!!" */;
			buildPhases = (
				9838354EC991C0D23110F98F /* [CP] Check Pods Manifest.lock */,
				302667F920EBA1EA00D12682 /* Sources */,
				302667FA20EBA1EA00D12682 /* Frameworks */,
				302667FB20EBA1EA00D12682 /* Resources */,
				F3E2814F887161D00D615078 /* [CP] Embed Pods Frameworks */,
				183BF54E5829D355798A7CB2 /* [CP] Copy Pods Resources */,
			);
			buildRules = (
			);
			dependencies = (
			);
			name = "TouchTouch!!";
			productName = "TouchTouch!!";
			productReference = 302667FD20EBA1EA00D12682 /* TouchTouch!!.app */;
			productType = "com.apple.product-type.application";
		};
/* End PBXNativeTarget section */

/* Begin PBXProject section */
		302667F520EBA1EA00D12682 /* Project object */ = {
			isa = PBXProject;
			attributes = {
				LastSwiftUpdateCheck = 0940;
				LastUpgradeCheck = 0940;
				ORGANIZATIONNAME = takahitoyoneda;
				TargetAttributes = {
					302667FC20EBA1EA00D12682 = {
						CreatedOnToolsVersion = 9.4;
					};
				};
			};
			buildConfigurationList = 302667F820EBA1EA00D12682 /* Build configuration list for PBXProject "TouchTouch!!" */;
			compatibilityVersion = "Xcode 9.3";
			developmentRegion = en;
			hasScannedForEncodings = 0;
			knownRegions = (
				en,
				Base,
			);
			mainGroup = 302667F420EBA1EA00D12682;
			productRefGroup = 302667FE20EBA1EA00D12682 /* Products */;
			projectDirPath = "";
			projectRoot = "";
			targets = (
				302667FC20EBA1EA00D12682 /* TouchTouch!! */,
			);
		};
/* End PBXProject section */

/* Begin PBXResourcesBuildPhase section */
		302667FB20EBA1EA00D12682 /* Resources */ = {
			isa = PBXResourcesBuildPhase;
			buildActionMask = 2147483647;
			files = (
				3026680B20EBA1EC00D12682 /* LaunchScreen.storyboard in Resources */,
				3026680820EBA1EC00D12682 /* Assets.xcassets in Resources */,
				3026680620EBA1EA00D12682 /* Main.storyboard in Resources */,
				3026681320EBA37A00D12682 /* GoogleService-Info.plist in Resources */,
			);
			runOnlyForDeploymentPostprocessing = 0;
		};
/* End PBXResourcesBuildPhase section */

/* Begin PBXShellScriptBuildPhase section */
		183BF54E5829D355798A7CB2 /* [CP] Copy Pods Resources */ = {
			isa = PBXShellScriptBuildPhase;
			buildActionMask = 2147483647;
			files = (
			);
			inputPaths = (
			);
			name = "[CP] Copy Pods Resources";
			outputPaths = (
			);
			runOnlyForDeploymentPostprocessing = 0;
			shellPath = /bin/sh;
			shellScript = "\"${SRCROOT}/Pods/Target Support Files/Pods-TouchTouch!!/Pods-TouchTouch!!-resources.sh\"\n";
			showEnvVarsInLog = 0;
		};
		9838354EC991C0D23110F98F /* [CP] Check Pods Manifest.lock */ = {
			isa = PBXShellScriptBuildPhase;
			buildActionMask = 2147483647;
			files = (
			);
			inputPaths = (
				"${PODS_PODFILE_DIR_PATH}/Podfile.lock",
				"${PODS_ROOT}/Manifest.lock",
			);
			name = "[CP] Check Pods Manifest.lock";
			outputPaths = (
				"$(DERIVED_FILE_DIR)/Pods-TouchTouch!!-checkManifestLockResult.txt",
			);
			runOnlyForDeploymentPostprocessing = 0;
			shellPath = /bin/sh;
			shellScript = "diff \"${PODS_PODFILE_DIR_PATH}/Podfile.lock\" \"${PODS_ROOT}/Manifest.lock\" > /dev/null\nif [ $? != 0 ] ; then\n    # print error to STDERR\n    echo \"error: The sandbox is not in sync with the Podfile.lock. Run 'pod install' or update your CocoaPods installation.\" >&2\n    exit 1\nfi\n# This output is used by Xcode 'outputs' to avoid re-running this script phase.\necho \"SUCCESS\" > \"${SCRIPT_OUTPUT_FILE_0}\"\n";
			showEnvVarsInLog = 0;
		};
		F3E2814F887161D00D615078 /* [CP] Embed Pods Frameworks */ = {
			isa = PBXShellScriptBuildPhase;
			buildActionMask = 2147483647;
			files = (
			);
			inputPaths = (
				"${SRCROOT}/Pods/Target Support Files/Pods-TouchTouch!!/Pods-TouchTouch!!-frameworks.sh",
				"${BUILT_PRODUCTS_DIR}/GTMSessionFetcher/GTMSessionFetcher.framework",
				"${BUILT_PRODUCTS_DIR}/GoogleToolboxForMac/GoogleToolboxForMac.framework",
				"${BUILT_PRODUCTS_DIR}/leveldb-library/leveldb.framework",
				"${BUILT_PRODUCTS_DIR}/nanopb/nanopb.framework",
			);
			name = "[CP] Embed Pods Frameworks";
			outputPaths = (
				"${TARGET_BUILD_DIR}/${FRAMEWORKS_FOLDER_PATH}/GTMSessionFetcher.framework",
				"${TARGET_BUILD_DIR}/${FRAMEWORKS_FOLDER_PATH}/GoogleToolboxForMac.framework",
				"${TARGET_BUILD_DIR}/${FRAMEWORKS_FOLDER_PATH}/leveldb.framework",
				"${TARGET_BUILD_DIR}/${FRAMEWORKS_FOLDER_PATH}/nanopb.framework",
			);
			runOnlyForDeploymentPostprocessing = 0;
			shellPath = /bin/sh;
			shellScript = "\"${SRCROOT}/Pods/Target Support Files/Pods-TouchTouch!!/Pods-TouchTouch!!-frameworks.sh\"\n";
			showEnvVarsInLog = 0;
		};
/* End PBXShellScriptBuildPhase section */

/* Begin PBXSourcesBuildPhase section */
		302667F920EBA1EA00D12682 /* Sources */ = {
			isa = PBXSourcesBuildPhase;
			buildActionMask = 2147483647;
			files = (
				3026680320EBA1EA00D12682 /* MainViewController.swift in Sources */,
				3026681820EBA9EA00D12682 /* LoginController.swift in Sources */,
				3011696F212AFFA3005AC28A /* ResultViewController.swift in Sources */,
				305C678121311FE8000256E1 /* Users.swift in Sources */,
				3050F03E20F60F36002F073E /* StartTimerController.swift in Sources */,
				3026680120EBA1EA00D12682 /* AppDelegate.swift in Sources */,
				3026681620EBA5A000D12682 /* SignUpController.swift in Sources */,
				3050F04020F613CA002F073E /* MainGameFieldController.swift in Sources */,
			);
			runOnlyForDeploymentPostprocessing = 0;
		};
/* End PBXSourcesBuildPhase section */

/* Begin PBXVariantGroup section */
		3026680420EBA1EA00D12682 /* Main.storyboard */ = {
			isa = PBXVariantGroup;
			children = (
				3026680520EBA1EA00D12682 /* Base */,
			);
			name = Main.storyboard;
			sourceTree = "<group>";
		};
		3026680920EBA1EC00D12682 /* LaunchScreen.storyboard */ = {
			isa = PBXVariantGroup;
			children = (
				3026680A20EBA1EC00D12682 /* Base */,
			);
			name = LaunchScreen.storyboard;
			sourceTree = "<group>";
		};
/* End PBXVariantGroup section */

/* Begin XCBuildConfiguration section */
		3026680D20EBA1EC00D12682 /* Debug */ = {
			isa = XCBuildConfiguration;
			buildSettings = {
				ALWAYS_SEARCH_USER_PATHS = NO;
				CLANG_ANALYZER_NONNULL = YES;
				CLANG_ANALYZER_NUMBER_OBJECT_CONVERSION = YES_AGGRESSIVE;
				CLANG_CXX_LANGUAGE_STANDARD = "gnu++14";
				CLANG_CXX_LIBRARY = "libc++";
				CLANG_ENABLE_MODULES = YES;
				CLANG_ENABLE_OBJC_ARC = YES;
				CLANG_ENABLE_OBJC_WEAK = YES;
				CLANG_WARN_BLOCK_CAPTURE_AUTORELEASING = YES;
				CLANG_WARN_BOOL_CONVERSION = YES;
				CLANG_WARN_COMMA = YES;
				CLANG_WARN_CONSTANT_CONVERSION = YES;
				CLANG_WARN_DEPRECATED_OBJC_IMPLEMENTATIONS = YES;
				CLANG_WARN_DIRECT_OBJC_ISA_USAGE = YES_ERROR;
				CLANG_WARN_DOCUMENTATION_COMMENTS = YES;
				CLANG_WARN_EMPTY_BODY = YES;
				CLANG_WARN_ENUM_CONVERSION = YES;
				CLANG_WARN_INFINITE_RECURSION = YES;
				CLANG_WARN_INT_CONVERSION = YES;
				CLANG_WARN_NON_LITERAL_NULL_CONVERSION = YES;
				CLANG_WARN_OBJC_IMPLICIT_RETAIN_SELF = YES;
				CLANG_WARN_OBJC_LITERAL_CONVERSION = YES;
				CLANG_WARN_OBJC_ROOT_CLASS = YES_ERROR;
				CLANG_WARN_RANGE_LOOP_ANALYSIS = YES;
				CLANG_WARN_STRICT_PROTOTYPES = YES;
				CLANG_WARN_SUSPICIOUS_MOVE = YES;
				CLANG_WARN_UNGUARDED_AVAILABILITY = YES_AGGRESSIVE;
				CLANG_WARN_UNREACHABLE_CODE = YES;
				CLANG_WARN__DUPLICATE_METHOD_MATCH = YES;
				CODE_SIGN_IDENTITY = "iPhone Developer";
				COPY_PHASE_STRIP = NO;
				DEBUG_INFORMATION_FORMAT = dwarf;
				ENABLE_STRICT_OBJC_MSGSEND = YES;
				ENABLE_TESTABILITY = YES;
				GCC_C_LANGUAGE_STANDARD = gnu11;
				GCC_DYNAMIC_NO_PIC = NO;
				GCC_NO_COMMON_BLOCKS = YES;
				GCC_OPTIMIZATION_LEVEL = 0;
				GCC_PREPROCESSOR_DEFINITIONS = (
					"DEBUG=1",
					"$(inherited)",
				);
				GCC_WARN_64_TO_32_BIT_CONVERSION = YES;
				GCC_WARN_ABOUT_RETURN_TYPE = YES_ERROR;
				GCC_WARN_UNDECLARED_SELECTOR = YES;
				GCC_WARN_UNINITIALIZED_AUTOS = YES_AGGRESSIVE;
				GCC_WARN_UNUSED_FUNCTION = YES;
				GCC_WARN_UNUSED_VARIABLE = YES;
				IPHONEOS_DEPLOYMENT_TARGET = 11.4;
				MTL_ENABLE_DEBUG_INFO = YES;
				ONLY_ACTIVE_ARCH = YES;
				SDKROOT = iphoneos;
				SWIFT_ACTIVE_COMPILATION_CONDITIONS = DEBUG;
				SWIFT_OPTIMIZATION_LEVEL = "-Onone";
			};
			name = Debug;
		};
		3026680E20EBA1EC00D12682 /* Release */ = {
			isa = XCBuildConfiguration;
			buildSettings = {
				ALWAYS_SEARCH_USER_PATHS = NO;
				CLANG_ANALYZER_NONNULL = YES;
				CLANG_ANALYZER_NUMBER_OBJECT_CONVERSION = YES_AGGRESSIVE;
				CLANG_CXX_LANGUAGE_STANDARD = "gnu++14";
				CLANG_CXX_LIBRARY = "libc++";
				CLANG_ENABLE_MODULES = YES;
				CLANG_ENABLE_OBJC_ARC = YES;
				CLANG_ENABLE_OBJC_WEAK = YES;
				CLANG_WARN_BLOCK_CAPTURE_AUTORELEASING = YES;
				CLANG_WARN_BOOL_CONVERSION = YES;
				CLANG_WARN_COMMA = YES;
				CLANG_WARN_CONSTANT_CONVERSION = YES;
				CLANG_WARN_DEPRECATED_OBJC_IMPLEMENTATIONS = YES;
				CLANG_WARN_DIRECT_OBJC_ISA_USAGE = YES_ERROR;
				CLANG_WARN_DOCUMENTATION_COMMENTS = YES;
				CLANG_WARN_EMPTY_BODY = YES;
				CLANG_WARN_ENUM_CONVERSION = YES;
				CLANG_WARN_INFINITE_RECURSION = YES;
				CLANG_WARN_INT_CONVERSION = YES;
				CLANG_WARN_NON_LITERAL_NULL_CONVERSION = YES;
				CLANG_WARN_OBJC_IMPLICIT_RETAIN_SELF = YES;
				CLANG_WARN_OBJC_LITERAL_CONVERSION = YES;
				CLANG_WARN_OBJC_ROOT_CLASS = YES_ERROR;
				CLANG_WARN_RANGE_LOOP_ANALYSIS = YES;
				CLANG_WARN_STRICT_PROTOTYPES = YES;
				CLANG_WARN_SUSPICIOUS_MOVE = YES;
				CLANG_WARN_UNGUARDED_AVAILABILITY = YES_AGGRESSIVE;
				CLANG_WARN_UNREACHABLE_CODE = YES;
				CLANG_WARN__DUPLICATE_METHOD_MATCH = YES;
				CODE_SIGN_IDENTITY = "iPhone Developer";
				COPY_PHASE_STRIP = NO;
				DEBUG_INFORMATION_FORMAT = "dwarf-with-dsym";
				ENABLE_NS_ASSERTIONS = NO;
				ENABLE_STRICT_OBJC_MSGSEND = YES;
				GCC_C_LANGUAGE_STANDARD = gnu11;
				GCC_NO_COMMON_BLOCKS = YES;
				GCC_WARN_64_TO_32_BIT_CONVERSION = YES;
				GCC_WARN_ABOUT_RETURN_TYPE = YES_ERROR;
				GCC_WARN_UNDECLARED_SELECTOR = YES;
				GCC_WARN_UNINITIALIZED_AUTOS = YES_AGGRESSIVE;
				GCC_WARN_UNUSED_FUNCTION = YES;
				GCC_WARN_UNUSED_VARIABLE = YES;
				IPHONEOS_DEPLOYMENT_TARGET = 11.4;
				MTL_ENABLE_DEBUG_INFO = NO;
				SDKROOT = iphoneos;
				SWIFT_COMPILATION_MODE = wholemodule;
				SWIFT_OPTIMIZATION_LEVEL = "-O";
				VALIDATE_PRODUCT = YES;
			};
			name = Release;
		};
		3026681020EBA1EC00D12682 /* Debug */ = {
			isa = XCBuildConfiguration;
			baseConfigurationReference = DA299B94A28EA396CFB9B23A /* Pods-TouchTouch!!.debug.xcconfig */;
			buildSettings = {
				ASSETCATALOG_COMPILER_APPICON_NAME = AppIcon;
				CODE_SIGN_STYLE = Automatic;
				DEVELOPMENT_TEAM = 9JLW53268K;
				INFOPLIST_FILE = "TouchTouch!!/Info.plist";
				LD_RUNPATH_SEARCH_PATHS = (
					"$(inherited)",
					"@executable_path/Frameworks",
				);
				PRODUCT_BUNDLE_IDENTIFIER = com.takatakayone.TouchTouch;
				PRODUCT_NAME = "$(TARGET_NAME)";
				SWIFT_VERSION = 4.0;
				TARGETED_DEVICE_FAMILY = "1,2";
			};
			name = Debug;
		};
		3026681120EBA1EC00D12682 /* Release */ = {
			isa = XCBuildConfiguration;
			baseConfigurationReference = 1B4AF91FC20C6CED387A0F14 /* Pods-TouchTouch!!.release.xcconfig */;
			buildSettings = {
				ASSETCATALOG_COMPILER_APPICON_NAME = AppIcon;
				CODE_SIGN_STYLE = Automatic;
				DEVELOPMENT_TEAM = 9JLW53268K;
				INFOPLIST_FILE = "TouchTouch!!/Info.plist";
				LD_RUNPATH_SEARCH_PATHS = (
					"$(inherited)",
					"@executable_path/Frameworks",
				);
				PRODUCT_BUNDLE_IDENTIFIER = com.takatakayone.TouchTouch;
				PRODUCT_NAME = "$(TARGET_NAME)";
				SWIFT_VERSION = 4.0;
				TARGETED_DEVICE_FAMILY = "1,2";
			};
			name = Release;
		};
/* End XCBuildConfiguration section */

/* Begin XCConfigurationList section */
		302667F820EBA1EA00D12682 /* Build configuration list for PBXProject "TouchTouch!!" */ = {
			isa = XCConfigurationList;
			buildConfigurations = (
				3026680D20EBA1EC00D12682 /* Debug */,
				3026680E20EBA1EC00D12682 /* Release */,
			);
			defaultConfigurationIsVisible = 0;
			defaultConfigurationName = Release;
		};
		3026680F20EBA1EC00D12682 /* Build configuration list for PBXNativeTarget "TouchTouch!!" */ = {
			isa = XCConfigurationList;
			buildConfigurations = (
				3026681020EBA1EC00D12682 /* Debug */,
				3026681120EBA1EC00D12682 /* Release */,
			);
			defaultConfigurationIsVisible = 0;
			defaultConfigurationName = Release;
		};
/* End XCConfigurationList section */
	};
	rootObject = 302667F520EBA1EA00D12682 /* Project object */;
}
